
Microsoft Visual Studio Solution File, Format Version 12.00
# Visual Studio Version 17
VisualStudioVersion = 17.11.34929.205
MinimumVisualStudioVersion = 10.0.40219.1
Project("{FAE04EC0-301F-11D3-BF4B-00C04F79EFBC}") = "SpellModCompatibilityPatcher", "SpellModCompatibilityPatcher\SpellModCompatibilityPatcher.csproj", "{C96AB5E2-F2F8-4447-9E27-63CDB61A53E2}"
EndProject
Global
	GlobalSection(SolutionConfigurationPlatforms) = preSolution
		Debug|Any CPU = Debug|Any CPU
		Release|Any CPU = Release|Any CPU
	EndGlobalSection
	GlobalSection(ProjectConfigurationPlatforms) = postSolution
		{C96AB5E2-F2F8-4447-9E27-63CDB61A53E2}.Debug|Any CPU.ActiveCfg = Debug|Any CPU
		{C96AB5E2-F2F8-4447-9E27-63CDB61A53E2}.Debug|Any CPU.Build.0 = Debug|Any CPU
		{C96AB5E2-F2F8-4447-9E27-63CDB61A53E2}.Release|Any CPU.ActiveCfg = Release|Any CPU
		{C96AB5E2-F2F8-4447-9E27-63CDB61A53E2}.Release|Any CPU.Build.0 = Release|Any CPU
	EndGlobalSection
	GlobalSection(SolutionProperties) = preSolution
		HideSolutionNode = FALSE
	EndGlobalSection
	GlobalSection(ExtensibilityGlobals) = postSolution
		SolutionGuid = {CC4FF927-DB3D-415F-9EF5-4252206E4D22}
	EndGlobalSection
EndGlobal
